// !$*UTF8*$!
{
	archiveVersion = 1;
	classes = {
	};
	objectVersion = 46;
	objects = {

/* Begin PBXBuildFile section */
		47B7E007363F40065B971F77 /* libPods.a in Frameworks */ = {isa = PBXBuildFile; fileRef = 3E44BC16B58715311C87D3D6 /* libPods.a */; };
		C378966D1BA6C70300BDA1B7 /* libz.dylib in Frameworks */ = {isa = PBXBuildFile; fileRef = C378966C1BA6C70300BDA1B7 /* libz.dylib */; };
		C378966F1BA6C70D00BDA1B7 /* libsqlite3.dylib in Frameworks */ = {isa = PBXBuildFile; fileRef = C378966E1BA6C70D00BDA1B7 /* libsqlite3.dylib */; };
		C37896711BA6C71600BDA1B7 /* CoreTelephony.framework in Frameworks */ = {isa = PBXBuildFile; fileRef = C37896701BA6C71600BDA1B7 /* CoreTelephony.framework */; };
		C37896731BA6C71D00BDA1B7 /* CoreText.framework in Frameworks */ = {isa = PBXBuildFile; fileRef = C37896721BA6C71D00BDA1B7 /* CoreText.framework */; };
		C37896751BA6C72400BDA1B7 /* QuartzCore.framework in Frameworks */ = {isa = PBXBuildFile; fileRef = C37896741BA6C72400BDA1B7 /* QuartzCore.framework */; };
		C37896771BA6C74100BDA1B7 /* ImageIO.framework in Frameworks */ = {isa = PBXBuildFile; fileRef = C37896761BA6C74100BDA1B7 /* ImageIO.framework */; };
		C37896791BA6C74C00BDA1B7 /* SystemConfiguration.framework in Frameworks */ = {isa = PBXBuildFile; fileRef = C37896781BA6C74C00BDA1B7 /* SystemConfiguration.framework */; };
		C378967B1BA6C75D00BDA1B7 /* Security.framework in Frameworks */ = {isa = PBXBuildFile; fileRef = C378967A1BA6C75D00BDA1B7 /* Security.framework */; };
		C378967D1BA6C76600BDA1B7 /* UIKit.framework in Frameworks */ = {isa = PBXBuildFile; fileRef = C378967C1BA6C76600BDA1B7 /* UIKit.framework */; };
		C378967F1BA6C77000BDA1B7 /* Foundation.framework in Frameworks */ = {isa = PBXBuildFile; fileRef = C378967E1BA6C77000BDA1B7 /* Foundation.framework */; };
		C37896811BA6C77700BDA1B7 /* CoreGraphics.framework in Frameworks */ = {isa = PBXBuildFile; fileRef = C37896801BA6C77700BDA1B7 /* CoreGraphics.framework */; };
		C37896831BA6C79000BDA1B7 /* libWeiboSDK.a in Frameworks */ = {isa = PBXBuildFile; fileRef = C37896821BA6C79000BDA1B7 /* libWeiboSDK.a */; };
		C37896861BA6D15C00BDA1B7 /* SendMessageToWeiboViewController.m in Sources */ = {isa = PBXBuildFile; fileRef = C37896851BA6D15C00BDA1B7 /* SendMessageToWeiboViewController.m */; };
		C37B43521BA96BE500089F82 /* CoreData.framework in Frameworks */ = {isa = PBXBuildFile; fileRef = C37B43511BA96BE500089F82 /* CoreData.framework */; };
		C389579D1BA02BF2005135BB /* main.m in Sources */ = {isa = PBXBuildFile; fileRef = C389579C1BA02BF2005135BB /* main.m */; };
		C38957A01BA02BF2005135BB /* AppDelegate.m in Sources */ = {isa = PBXBuildFile; fileRef = C389579F1BA02BF2005135BB /* AppDelegate.m */; };
		C38957A31BA02BF2005135BB /* WeiboExec.xcdatamodeld in Sources */ = {isa = PBXBuildFile; fileRef = C38957A11BA02BF2005135BB /* WeiboExec.xcdatamodeld */; };
		C38957A91BA02BF2005135BB /* Main.storyboard in Resources */ = {isa = PBXBuildFile; fileRef = C38957A71BA02BF2005135BB /* Main.storyboard */; };
		C38957AB1BA02BF2005135BB /* Images.xcassets in Resources */ = {isa = PBXBuildFile; fileRef = C38957AA1BA02BF2005135BB /* Images.xcassets */; };
		C38957AE1BA02BF2005135BB /* LaunchScreen.xib in Resources */ = {isa = PBXBuildFile; fileRef = C38957AC1BA02BF2005135BB /* LaunchScreen.xib */; };
		C38957BA1BA02BF2005135BB /* WeiboExecTests.m in Sources */ = {isa = PBXBuildFile; fileRef = C38957B91BA02BF2005135BB /* WeiboExecTests.m */; };
/* End PBXBuildFile section */

/* Begin PBXContainerItemProxy section */
		C38957B41BA02BF2005135BB /* PBXContainerItemProxy */ = {
			isa = PBXContainerItemProxy;
			containerPortal = C389578F1BA02BF2005135BB /* Project object */;
			proxyType = 1;
			remoteGlobalIDString = C38957961BA02BF2005135BB;
			remoteInfo = WeiboExec;
		};
/* End PBXContainerItemProxy section */

/* Begin PBXFileReference section */
		38233B303E57C23F3C7862F8 /* Pods.debug.xcconfig */ = {isa = PBXFileReference; includeInIndex = 1; lastKnownFileType = text.xcconfig; name = Pods.debug.xcconfig; path = "Pods/Target Support Files/Pods/Pods.debug.xcconfig"; sourceTree = "<group>"; };
		3E44BC16B58715311C87D3D6 /* libPods.a */ = {isa = PBXFileReference; explicitFileType = archive.ar; includeInIndex = 0; path = libPods.a; sourceTree = BUILT_PRODUCTS_DIR; };
		99BABDE2842D91F5E87E4984 /* Pods.release.xcconfig */ = {isa = PBXFileReference; includeInIndex = 1; lastKnownFileType = text.xcconfig; name = Pods.release.xcconfig; path = "Pods/Target Support Files/Pods/Pods.release.xcconfig"; sourceTree = "<group>"; };
		C378966C1BA6C70300BDA1B7 /* libz.dylib */ = {isa = PBXFileReference; lastKnownFileType = "compiled.mach-o.dylib"; name = libz.dylib; path = usr/lib/libz.dylib; sourceTree = SDKROOT; };
		C378966E1BA6C70D00BDA1B7 /* libsqlite3.dylib */ = {isa = PBXFileReference; lastKnownFileType = "compiled.mach-o.dylib"; name = libsqlite3.dylib; path = usr/lib/libsqlite3.dylib; sourceTree = SDKROOT; };
		C37896701BA6C71600BDA1B7 /* CoreTelephony.framework */ = {isa = PBXFileReference; lastKnownFileType = wrapper.framework; name = CoreTelephony.framework; path = System/Library/Frameworks/CoreTelephony.framework; sourceTree = SDKROOT; };
		C37896721BA6C71D00BDA1B7 /* CoreText.framework */ = {isa = PBXFileReference; lastKnownFileType = wrapper.framework; name = CoreText.framework; path = System/Library/Frameworks/CoreText.framework; sourceTree = SDKROOT; };
		C37896741BA6C72400BDA1B7 /* QuartzCore.framework */ = {isa = PBXFileReference; lastKnownFileType = wrapper.framework; name = QuartzCore.framework; path = System/Library/Frameworks/QuartzCore.framework; sourceTree = SDKROOT; };
		C37896761BA6C74100BDA1B7 /* ImageIO.framework */ = {isa = PBXFileReference; lastKnownFileType = wrapper.framework; name = ImageIO.framework; path = System/Library/Frameworks/ImageIO.framework; sourceTree = SDKROOT; };
		C37896781BA6C74C00BDA1B7 /* SystemConfiguration.framework */ = {isa = PBXFileReference; lastKnownFileType = wrapper.framework; name = SystemConfiguration.framework; path = System/Library/Frameworks/SystemConfiguration.framework; sourceTree = SDKROOT; };
		C378967A1BA6C75D00BDA1B7 /* Security.framework */ = {isa = PBXFileReference; lastKnownFileType = wrapper.framework; name = Security.framework; path = System/Library/Frameworks/Security.framework; sourceTree = SDKROOT; };
		C378967C1BA6C76600BDA1B7 /* UIKit.framework */ = {isa = PBXFileReference; lastKnownFileType = wrapper.framework; name = UIKit.framework; path = System/Library/Frameworks/UIKit.framework; sourceTree = SDKROOT; };
		C378967E1BA6C77000BDA1B7 /* Foundation.framework */ = {isa = PBXFileReference; lastKnownFileType = wrapper.framework; name = Foundation.framework; path = System/Library/Frameworks/Foundation.framework; sourceTree = SDKROOT; };
		C37896801BA6C77700BDA1B7 /* CoreGraphics.framework */ = {isa = PBXFileReference; lastKnownFileType = wrapper.framework; name = CoreGraphics.framework; path = System/Library/Frameworks/CoreGraphics.framework; sourceTree = SDKROOT; };
		C37896821BA6C79000BDA1B7 /* libWeiboSDK.a */ = {isa = PBXFileReference; lastKnownFileType = archive.ar; name = libWeiboSDK.a; path = Pods/WeiboSDK/libWeiboSDK/libWeiboSDK.a; sourceTree = "<group>"; };
		C37896841BA6D15C00BDA1B7 /* SendMessageToWeiboViewController.h */ = {isa = PBXFileReference; fileEncoding = 4; lastKnownFileType = sourcecode.c.h; path = SendMessageToWeiboViewController.h; sourceTree = "<group>"; };
		C37896851BA6D15C00BDA1B7 /* SendMessageToWeiboViewController.m */ = {isa = PBXFileReference; fileEncoding = 4; lastKnownFileType = sourcecode.c.objc; path = SendMessageToWeiboViewController.m; sourceTree = "<group>"; };
		C37B43511BA96BE500089F82 /* CoreData.framework */ = {isa = PBXFileReference; lastKnownFileType = wrapper.framework; name = CoreData.framework; path = System/Library/Frameworks/CoreData.framework; sourceTree = SDKROOT; };
		C37B43541BA9705200089F82 /* WeiboExec-Prefix.pch */ = {isa = PBXFileReference; fileEncoding = 4; lastKnownFileType = sourcecode.c.h; path = "WeiboExec-Prefix.pch"; sourceTree = "<group>"; };
		C38957971BA02BF2005135BB /* WeiboExec.app */ = {isa = PBXFileReference; explicitFileType = wrapper.application; includeInIndex = 0; path = WeiboExec.app; sourceTree = BUILT_PRODUCTS_DIR; };
		C389579B1BA02BF2005135BB /* Info.plist */ = {isa = PBXFileReference; lastKnownFileType = text.plist.xml; path = Info.plist; sourceTree = "<group>"; };
		C389579C1BA02BF2005135BB /* main.m */ = {isa = PBXFileReference; lastKnownFileType = sourcecode.c.objc; path = main.m; sourceTree = "<group>"; };
		C389579E1BA02BF2005135BB /* AppDelegate.h */ = {isa = PBXFileReference; lastKnownFileType = sourcecode.c.h; path = AppDelegate.h; sourceTree = "<group>"; };
		C389579F1BA02BF2005135BB /* AppDelegate.m */ = {isa = PBXFileReference; lastKnownFileType = sourcecode.c.objc; path = AppDelegate.m; sourceTree = "<group>"; };
		C38957A21BA02BF2005135BB /* WeiboExec.xcdatamodel */ = {isa = PBXFileReference; lastKnownFileType = wrapper.xcdatamodel; path = WeiboExec.xcdatamodel; sourceTree = "<group>"; };
		C38957A81BA02BF2005135BB /* Base */ = {isa = PBXFileReference; lastKnownFileType = file.storyboard; name = Base; path = Base.lproj/Main.storyboard; sourceTree = "<group>"; };
		C38957AA1BA02BF2005135BB /* Images.xcassets */ = {isa = PBXFileReference; lastKnownFileType = folder.assetcatalog; path = Images.xcassets; sourceTree = "<group>"; };
		C38957AD1BA02BF2005135BB /* Base */ = {isa = PBXFileReference; lastKnownFileType = file.xib; name = Base; path = Base.lproj/LaunchScreen.xib; sourceTree = "<group>"; };
		C38957B31BA02BF2005135BB /* WeiboExecTests.xctest */ = {isa = PBXFileReference; explicitFileType = wrapper.cfbundle; includeInIndex = 0; path = WeiboExecTests.xctest; sourceTree = BUILT_PRODUCTS_DIR; };
		C38957B81BA02BF2005135BB /* Info.plist */ = {isa = PBXFileReference; lastKnownFileType = text.plist.xml; path = Info.plist; sourceTree = "<group>"; };
		C38957B91BA02BF2005135BB /* WeiboExecTests.m */ = {isa = PBXFileReference; lastKnownFileType = sourcecode.c.objc; path = WeiboExecTests.m; sourceTree = "<group>"; };
/* End PBXFileReference section */

/* Begin PBXFrameworksBuildPhase section */
		C38957941BA02BF2005135BB /* Frameworks */ = {
			isa = PBXFrameworksBuildPhase;
			buildActionMask = 2147483647;
			files = (
				C37B43521BA96BE500089F82 /* CoreData.framework in Frameworks */,
				C37896831BA6C79000BDA1B7 /* libWeiboSDK.a in Frameworks */,
				C37896811BA6C77700BDA1B7 /* CoreGraphics.framework in Frameworks */,
				C378967F1BA6C77000BDA1B7 /* Foundation.framework in Frameworks */,
				C378967D1BA6C76600BDA1B7 /* UIKit.framework in Frameworks */,
				C378967B1BA6C75D00BDA1B7 /* Security.framework in Frameworks */,
				C37896791BA6C74C00BDA1B7 /* SystemConfiguration.framework in Frameworks */,
				C37896771BA6C74100BDA1B7 /* ImageIO.framework in Frameworks */,
				C37896751BA6C72400BDA1B7 /* QuartzCore.framework in Frameworks */,
				C37896731BA6C71D00BDA1B7 /* CoreText.framework in Frameworks */,
				C37896711BA6C71600BDA1B7 /* CoreTelephony.framework in Frameworks */,
				C378966F1BA6C70D00BDA1B7 /* libsqlite3.dylib in Frameworks */,
				C378966D1BA6C70300BDA1B7 /* libz.dylib in Frameworks */,
				47B7E007363F40065B971F77 /* libPods.a in Frameworks */,
			);
			runOnlyForDeploymentPostprocessing = 0;
		};
		C38957B01BA02BF2005135BB /* Frameworks */ = {
			isa = PBXFrameworksBuildPhase;
			buildActionMask = 2147483647;
			files = (
			);
			runOnlyForDeploymentPostprocessing = 0;
		};
/* End PBXFrameworksBuildPhase section */

/* Begin PBXGroup section */
		5EC1DF6BE9532F14C815EC63 /* Pods */ = {
			isa = PBXGroup;
			children = (
				38233B303E57C23F3C7862F8 /* Pods.debug.xcconfig */,
				99BABDE2842D91F5E87E4984 /* Pods.release.xcconfig */,
			);
			name = Pods;
			sourceTree = "<group>";
		};
		8AC02E25E2FCE2E2489BC412 /* Frameworks */ = {
			isa = PBXGroup;
			children = (
				C37B43511BA96BE500089F82 /* CoreData.framework */,
				C37896821BA6C79000BDA1B7 /* libWeiboSDK.a */,
				C37896801BA6C77700BDA1B7 /* CoreGraphics.framework */,
				C378967E1BA6C77000BDA1B7 /* Foundation.framework */,
				C378967C1BA6C76600BDA1B7 /* UIKit.framework */,
				C378967A1BA6C75D00BDA1B7 /* Security.framework */,
				C37896781BA6C74C00BDA1B7 /* SystemConfiguration.framework */,
				C37896761BA6C74100BDA1B7 /* ImageIO.framework */,
				C37896741BA6C72400BDA1B7 /* QuartzCore.framework */,
				C37896721BA6C71D00BDA1B7 /* CoreText.framework */,
				C37896701BA6C71600BDA1B7 /* CoreTelephony.framework */,
				C378966E1BA6C70D00BDA1B7 /* libsqlite3.dylib */,
				C378966C1BA6C70300BDA1B7 /* libz.dylib */,
				3E44BC16B58715311C87D3D6 /* libPods.a */,
			);
			name = Frameworks;
			sourceTree = "<group>";
		};
		C389578E1BA02BF2005135BB = {
			isa = PBXGroup;
			children = (
				C38957991BA02BF2005135BB /* WeiboExec */,
				C38957B61BA02BF2005135BB /* WeiboExecTests */,
				C38957981BA02BF2005135BB /* Products */,
				5EC1DF6BE9532F14C815EC63 /* Pods */,
				8AC02E25E2FCE2E2489BC412 /* Frameworks */,
			);
			sourceTree = "<group>";
		};
		C38957981BA02BF2005135BB /* Products */ = {
			isa = PBXGroup;
			children = (
				C38957971BA02BF2005135BB /* WeiboExec.app */,
				C38957B31BA02BF2005135BB /* WeiboExecTests.xctest */,
			);
			name = Products;
			sourceTree = "<group>";
		};
		C38957991BA02BF2005135BB /* WeiboExec */ = {
			isa = PBXGroup;
			children = (
				C389579E1BA02BF2005135BB /* AppDelegate.h */,
				C389579F1BA02BF2005135BB /* AppDelegate.m */,
				C37896841BA6D15C00BDA1B7 /* SendMessageToWeiboViewController.h */,
				C37896851BA6D15C00BDA1B7 /* SendMessageToWeiboViewController.m */,
				C38957A71BA02BF2005135BB /* Main.storyboard */,
				C38957AA1BA02BF2005135BB /* Images.xcassets */,
				C38957AC1BA02BF2005135BB /* LaunchScreen.xib */,
				C38957A11BA02BF2005135BB /* WeiboExec.xcdatamodeld */,
				C389579A1BA02BF2005135BB /* Supporting Files */,
			);
			path = WeiboExec;
			sourceTree = "<group>";
		};
		C389579A1BA02BF2005135BB /* Supporting Files */ = {
			isa = PBXGroup;
			children = (
				C389579B1BA02BF2005135BB /* Info.plist */,
				C389579C1BA02BF2005135BB /* main.m */,
				C37B43541BA9705200089F82 /* WeiboExec-Prefix.pch */,
			);
			name = "Supporting Files";
			sourceTree = "<group>";
		};
		C38957B61BA02BF2005135BB /* WeiboExecTests */ = {
			isa = PBXGroup;
			children = (
				C38957B91BA02BF2005135BB /* WeiboExecTests.m */,
				C38957B71BA02BF2005135BB /* Supporting Files */,
			);
			path = WeiboExecTests;
			sourceTree = "<group>";
		};
		C38957B71BA02BF2005135BB /* Supporting Files */ = {
			isa = PBXGroup;
			children = (
				C38957B81BA02BF2005135BB /* Info.plist */,
			);
			name = "Supporting Files";
			sourceTree = "<group>";
		};
/* End PBXGroup section */

/* Begin PBXNativeTarget section */
		C38957961BA02BF2005135BB /* WeiboExec */ = {
			isa = PBXNativeTarget;
			buildConfigurationList = C38957BD1BA02BF2005135BB /* Build configuration list for PBXNativeTarget "WeiboExec" */;
			buildPhases = (
				87331472EF651FAD64346386 /* Check Pods Manifest.lock */,
				C38957931BA02BF2005135BB /* Sources */,
				C38957941BA02BF2005135BB /* Frameworks */,
				C38957951BA02BF2005135BB /* Resources */,
				F0256B849E99EF13C71AC43D /* Copy Pods Resources */,
			);
			buildRules = (
			);
			dependencies = (
			);
			name = WeiboExec;
			productName = WeiboExec;
			productReference = C38957971BA02BF2005135BB /* WeiboExec.app */;
			productType = "com.apple.product-type.application";
		};
		C38957B21BA02BF2005135BB /* WeiboExecTests */ = {
			isa = PBXNativeTarget;
			buildConfigurationList = C38957C01BA02BF2005135BB /* Build configuration list for PBXNativeTarget "WeiboExecTests" */;
			buildPhases = (
				C38957AF1BA02BF2005135BB /* Sources */,
				C38957B01BA02BF2005135BB /* Frameworks */,
				C38957B11BA02BF2005135BB /* Resources */,
			);
			buildRules = (
			);
			dependencies = (
				C38957B51BA02BF2005135BB /* PBXTargetDependency */,
			);
			name = WeiboExecTests;
			productName = WeiboExecTests;
			productReference = C38957B31BA02BF2005135BB /* WeiboExecTests.xctest */;
			productType = "com.apple.product-type.bundle.unit-test";
		};
/* End PBXNativeTarget section */

/* Begin PBXProject section */
		C389578F1BA02BF2005135BB /* Project object */ = {
			isa = PBXProject;
			attributes = {
				LastUpgradeCheck = 0620;
				ORGANIZATIONNAME = simao;
				TargetAttributes = {
					C38957961BA02BF2005135BB = {
						CreatedOnToolsVersion = 6.2;
					};
					C38957B21BA02BF2005135BB = {
						CreatedOnToolsVersion = 6.2;
						TestTargetID = C38957961BA02BF2005135BB;
					};
				};
			};
			buildConfigurationList = C38957921BA02BF2005135BB /* Build configuration list for PBXProject "WeiboExec" */;
			compatibilityVersion = "Xcode 3.2";
			developmentRegion = English;
			hasScannedForEncodings = 0;
			knownRegions = (
				en,
				Base,
			);
			mainGroup = C389578E1BA02BF2005135BB;
			productRefGroup = C38957981BA02BF2005135BB /* Products */;
			projectDirPath = "";
			projectRoot = "";
			targets = (
				C38957961BA02BF2005135BB /* WeiboExec */,
				C38957B21BA02BF2005135BB /* WeiboExecTests */,
			);
		};
/* End PBXProject section */

/* Begin PBXResourcesBuildPhase section */
		C38957951BA02BF2005135BB /* Resources */ = {
			isa = PBXResourcesBuildPhase;
			buildActionMask = 2147483647;
			files = (
				C38957A91BA02BF2005135BB /* Main.storyboard in Resources */,
				C38957AE1BA02BF2005135BB /* LaunchScreen.xib in Resources */,
				C38957AB1BA02BF2005135BB /* Images.xcassets in Resources */,
			);
			runOnlyForDeploymentPostprocessing = 0;
		};
		C38957B11BA02BF2005135BB /* Resources */ = {
			isa = PBXResourcesBuildPhase;
			buildActionMask = 2147483647;
			files = (
			);
			runOnlyForDeploymentPostprocessing = 0;
		};
/* End PBXResourcesBuildPhase section */

/* Begin PBXShellScriptBuildPhase section */
		87331472EF651FAD64346386 /* Check Pods Manifest.lock */ = {
			isa = PBXShellScriptBuildPhase;
			buildActionMask = 2147483647;
			files = (
			);
			inputPaths = (
			);
			name = "Check Pods Manifest.lock";
			outputPaths = (
			);
			runOnlyForDeploymentPostprocessing = 0;
			shellPath = /bin/sh;
			shellScript = "diff \"${PODS_ROOT}/../Podfile.lock\" \"${PODS_ROOT}/Manifest.lock\" > /dev/null\nif [[ $? != 0 ]] ; then\n    cat << EOM\nerror: The sandbox is not in sync with the Podfile.lock. Run 'pod install' or update your CocoaPods installation.\nEOM\n    exit 1\nfi\n";
			showEnvVarsInLog = 0;
		};
		F0256B849E99EF13C71AC43D /* Copy Pods Resources */ = {
			isa = PBXShellScriptBuildPhase;
			buildActionMask = 2147483647;
			files = (
			);
			inputPaths = (
			);
			name = "Copy Pods Resources";
			outputPaths = (
			);
			runOnlyForDeploymentPostprocessing = 0;
			shellPath = /bin/sh;
			shellScript = "\"${SRCROOT}/Pods/Target Support Files/Pods/Pods-resources.sh\"\n";
			showEnvVarsInLog = 0;
		};
/* End PBXShellScriptBuildPhase section */

/* Begin PBXSourcesBuildPhase section */
		C38957931BA02BF2005135BB /* Sources */ = {
			isa = PBXSourcesBuildPhase;
			buildActionMask = 2147483647;
			files = (
				C38957A01BA02BF2005135BB /* AppDelegate.m in Sources */,
				C38957A31BA02BF2005135BB /* WeiboExec.xcdatamodeld in Sources */,
				C37896861BA6D15C00BDA1B7 /* SendMessageToWeiboViewController.m in Sources */,
				C389579D1BA02BF2005135BB /* main.m in Sources */,
			);
			runOnlyForDeploymentPostprocessing = 0;
		};
		C38957AF1BA02BF2005135BB /* Sources */ = {
			isa = PBXSourcesBuildPhase;
			buildActionMask = 2147483647;
			files = (
				C38957BA1BA02BF2005135BB /* WeiboExecTests.m in Sources */,
			);
			runOnlyForDeploymentPostprocessing = 0;
		};
/* End PBXSourcesBuildPhase section */

/* Begin PBXTargetDependency section */
		C38957B51BA02BF2005135BB /* PBXTargetDependency */ = {
			isa = PBXTargetDependency;
			target = C38957961BA02BF2005135BB /* WeiboExec */;
			targetProxy = C38957B41BA02BF2005135BB /* PBXContainerItemProxy */;
		};
/* End PBXTargetDependency section */

/* Begin PBXVariantGroup section */
		C38957A71BA02BF2005135BB /* Main.storyboard */ = {
			isa = PBXVariantGroup;
			children = (
				C38957A81BA02BF2005135BB /* Base */,
			);
			name = Main.storyboard;
			sourceTree = "<group>";
		};
		C38957AC1BA02BF2005135BB /* LaunchScreen.xib */ = {
			isa = PBXVariantGroup;
			children = (
				C38957AD1BA02BF2005135BB /* Base */,
			);
			name = LaunchScreen.xib;
			sourceTree = "<group>";
		};
/* End PBXVariantGroup section */

/* Begin XCBuildConfiguration section */
		C38957BB1BA02BF2005135BB /* Debug */ = {
			isa = XCBuildConfiguration;
			buildSettings = {
				ALWAYS_SEARCH_USER_PATHS = NO;
				CLANG_CXX_LANGUAGE_STANDARD = "gnu++0x";
				CLANG_CXX_LIBRARY = "libc++";
				CLANG_ENABLE_MODULES = YES;
				CLANG_ENABLE_OBJC_ARC = YES;
				CLANG_WARN_BOOL_CONVERSION = YES;
				CLANG_WARN_CONSTANT_CONVERSION = YES;
				CLANG_WARN_DIRECT_OBJC_ISA_USAGE = YES_ERROR;
				CLANG_WARN_EMPTY_BODY = YES;
				CLANG_WARN_ENUM_CONVERSION = YES;
				CLANG_WARN_INT_CONVERSION = YES;
				CLANG_WARN_OBJC_ROOT_CLASS = YES_ERROR;
				CLANG_WARN_UNREACHABLE_CODE = YES;
				CLANG_WARN__DUPLICATE_METHOD_MATCH = YES;
				"CODE_SIGN_IDENTITY[sdk=iphoneos*]" = "iPhone Developer";
				COPY_PHASE_STRIP = NO;
				ENABLE_STRICT_OBJC_MSGSEND = YES;
				GCC_C_LANGUAGE_STANDARD = gnu99;
				GCC_DYNAMIC_NO_PIC = NO;
				GCC_OPTIMIZATION_LEVEL = 0;
				GCC_PREPROCESSOR_DEFINITIONS = (
					"DEBUG=1",
					"$(inherited)",
				);
				GCC_SYMBOLS_PRIVATE_EXTERN = NO;
				GCC_WARN_64_TO_32_BIT_CONVERSION = YES;
				GCC_WARN_ABOUT_RETURN_TYPE = YES_ERROR;
				GCC_WARN_UNDECLARED_SELECTOR = YES;
				GCC_WARN_UNINITIALIZED_AUTOS = YES_AGGRESSIVE;
				GCC_WARN_UNUSED_FUNCTION = YES;
				GCC_WARN_UNUSED_VARIABLE = YES;
				IPHONEOS_DEPLOYMENT_TARGET = 8.2;
				MTL_ENABLE_DEBUG_INFO = YES;
				ONLY_ACTIVE_ARCH = YES;
				SDKROOT = iphoneos;
			};
			name = Debug;
		};
		C38957BC1BA02BF2005135BB /* Release */ = {
			isa = XCBuildConfiguration;
			buildSettings = {
				ALWAYS_SEARCH_USER_PATHS = NO;
				CLANG_CXX_LANGUAGE_STANDARD = "gnu++0x";
				CLANG_CXX_LIBRARY = "libc++";
				CLANG_ENABLE_MODULES = YES;
				CLANG_ENABLE_OBJC_ARC = YES;
				CLANG_WARN_BOOL_CONVERSION = YES;
				CLANG_WARN_CONSTANT_CONVERSION = YES;
				CLANG_WARN_DIRECT_OBJC_ISA_USAGE = YES_ERROR;
				CLANG_WARN_EMPTY_BODY = YES;
				CLANG_WARN_ENUM_CONVERSION = YES;
				CLANG_WARN_INT_CONVERSION = YES;
				CLANG_WARN_OBJC_ROOT_CLASS = YES_ERROR;
				CLANG_WARN_UNREACHABLE_CODE = YES;
				CLANG_WARN__DUPLICATE_METHOD_MATCH = YES;
				"CODE_SIGN_IDENTITY[sdk=iphoneos*]" = "iPhone Developer";
				COPY_PHASE_STRIP = NO;
				ENABLE_NS_ASSERTIONS = NO;
				ENABLE_STRICT_OBJC_MSGSEND = YES;
				GCC_C_LANGUAGE_STANDARD = gnu99;
				GCC_WARN_64_TO_32_BIT_CONVERSION = YES;
				GCC_WARN_ABOUT_RETURN_TYPE = YES_ERROR;
				GCC_WARN_UNDECLARED_SELECTOR = YES;
				GCC_WARN_UNINITIALIZED_AUTOS = YES_AGGRESSIVE;
				GCC_WARN_UNUSED_FUNCTION = YES;
				GCC_WARN_UNUSED_VARIABLE = YES;
				IPHONEOS_DEPLOYMENT_TARGET = 8.2;
				MTL_ENABLE_DEBUG_INFO = NO;
				SDKROOT = iphoneos;
				VALIDATE_PRODUCT = YES;
			};
			name = Release;
		};
		C38957BE1BA02BF2005135BB /* Debug */ = {
			isa = XCBuildConfiguration;
			baseConfigurationReference = 38233B303E57C23F3C7862F8 /* Pods.debug.xcconfig */;
			buildSettings = {
				ASSETCATALOG_COMPILER_APPICON_NAME = AppIcon;
				INFOPLIST_FILE = WeiboExec/Info.plist;
				LD_RUNPATH_SEARCH_PATHS = "$(inherited) @executable_path/Frameworks";
				LIBRARY_SEARCH_PATHS = (
					"$(inherited)",
					"$(PROJECT_DIR)/Pods/WeiboSDK/libWeiboSDK",
				);
				PRODUCT_NAME = "$(TARGET_NAME)";
			};
			name = Debug;
		};
		C38957BF1BA02BF2005135BB /* Release */ = {
			isa = XCBuildConfiguration;
			baseConfigurationReference = 99BABDE2842D91F5E87E4984 /* Pods.release.xcconfig */;
			buildSettings = {
				ASSETCATALOG_COMPILER_APPICON_NAME = AppIcon;
				INFOPLIST_FILE = WeiboExec/Info.plist;
				LD_RUNPATH_SEARCH_PATHS = "$(inherited) @executable_path/Frameworks";
				LIBRARY_SEARCH_PATHS = (
					"$(inherited)",
					"$(PROJECT_DIR)/Pods/WeiboSDK/libWeiboSDK",
				);
				PRODUCT_NAME = "$(TARGET_NAME)";
			};
			name = Release;
		};
		C38957C11BA02BF2005135BB /* Debug */ = {
			isa = XCBuildConfiguration;
			buildSettings = {
				BUNDLE_LOADER = "$(TEST_HOST)";
				FRAMEWORK_SEARCH_PATHS = (
					"$(SDKROOT)/Developer/Library/Frameworks",
					"$(inherited)",
				);
				GCC_PREPROCESSOR_DEFINITIONS = (
					"DEBUG=1",
					"$(inherited)",
				);
				INFOPLIST_FILE = WeiboExecTests/Info.plist;
				LD_RUNPATH_SEARCH_PATHS = "$(inherited) @executable_path/Frameworks @loader_path/Frameworks";
				PRODUCT_NAME = "$(TARGET_NAME)";
				TEST_HOST = "$(BUILT_PRODUCTS_DIR)/WeiboExec.app/WeiboExec";
			};
			name = Debug;
		};
		C38957C21BA02BF2005135BB /* Release */ = {
			isa = XCBuildConfiguration;
			buildSettings = {
				BUNDLE_LOADER = "$(TEST_HOST)";
				FRAMEWORK_SEARCH_PATHS = (
					"$(SDKROOT)/Developer/Library/Frameworks",
					"$(inherited)",
				);
				INFOPLIST_FILE = WeiboExecTests/Info.plist;
				LD_RUNPATH_SEARCH_PATHS = "$(inherited) @executable_path/Frameworks @loader_path/Frameworks";
				PRODUCT_NAME = "$(TARGET_NAME)";
				TEST_HOST = "$(BUILT_PRODUCTS_DIR)/WeiboExec.app/WeiboExec";
			};
			name = Release;
		};
/* End XCBuildConfiguration section */

/* Begin XCConfigurationList section */
		C38957921BA02BF2005135BB /* Build configuration list for PBXProject "WeiboExec" */ = {
			isa = XCConfigurationList;
			buildConfigurations = (
				C38957BB1BA02BF2005135BB /* Debug */,
				C38957BC1BA02BF2005135BB /* Release */,
			);
			defaultConfigurationIsVisible = 0;
			defaultConfigurationName = Release;
		};
		C38957BD1BA02BF2005135BB /* Build configuration list for PBXNativeTarget "WeiboExec" */ = {
			isa = XCConfigurationList;
			buildConfigurations = (
				C38957BE1BA02BF2005135BB /* Debug */,
				C38957BF1BA02BF2005135BB /* Release */,
			);
			defaultConfigurationIsVisible = 0;
			defaultConfigurationName = Release;
		};
		C38957C01BA02BF2005135BB /* Build configuration list for PBXNativeTarget "WeiboExecTests" */ = {
			isa = XCConfigurationList;
			buildConfigurations = (
				C38957C11BA02BF2005135BB /* Debug */,
				C38957C21BA02BF2005135BB /* Release */,
			);
			defaultConfigurationIsVisible = 0;
			defaultConfigurationName = Release;
		};
/* End XCConfigurationList section */

/* Begin XCVersionGroup section */
		C38957A11BA02BF2005135BB /* WeiboExec.xcdatamodeld */ = {
			isa = XCVersionGroup;
			children = (
				C38957A21BA02BF2005135BB /* WeiboExec.xcdatamodel */,
			);
			currentVersion = C38957A21BA02BF2005135BB /* WeiboExec.xcdatamodel */;
			path = WeiboExec.xcdatamodeld;
			sourceTree = "<group>";
			versionGroupType = wrapper.xcdatamodel;
		};
/* End XCVersionGroup section */
	};
	rootObject = C389578F1BA02BF2005135BB /* Project object */;
}
